// !$*UTF8*$!
{
	archiveVersion = 1;
	classes = {
	};
	objectVersion = 48;
	objects = {

/* Begin PBXBuildFile section */
		B54FCC7D1F3889B10015EFD6 /* FRAddRowPanel.xib in Resources */ = {isa = PBXBuildFile; fileRef = B54FCC7C1F3889B10015EFD6 /* FRAddRowPanel.xib */; };
		B56188901FD3EEF100E4BC95 /* AppDelegate.m in Sources */ = {isa = PBXBuildFile; fileRef = B561888F1FD3EEF100E4BC95 /* AppDelegate.m */; };
		B56188931FD3EEF100E4BC95 /* ViewController.m in Sources */ = {isa = PBXBuildFile; fileRef = B56188921FD3EEF100E4BC95 /* ViewController.m */; };
		B56188951FD3EEF100E4BC95 /* Assets.xcassets in Resources */ = {isa = PBXBuildFile; fileRef = B56188941FD3EEF100E4BC95 /* Assets.xcassets */; };
		B56188981FD3EEF100E4BC95 /* Main.storyboard in Resources */ = {isa = PBXBuildFile; fileRef = B56188961FD3EEF100E4BC95 /* Main.storyboard */; };
		B561889B1FD3EEF100E4BC95 /* main.m in Sources */ = {isa = PBXBuildFile; fileRef = B561889A1FD3EEF100E4BC95 /* main.m */; };
		B56188C41FD3F53200E4BC95 /* AppDelegate.m in Sources */ = {isa = PBXBuildFile; fileRef = B56188C31FD3F53200E4BC95 /* AppDelegate.m */; };
		B56188C71FD3F53200E4BC95 /* ViewController.m in Sources */ = {isa = PBXBuildFile; fileRef = B56188C61FD3F53200E4BC95 /* ViewController.m */; };
		B56188C91FD3F53200E4BC95 /* Assets.xcassets in Resources */ = {isa = PBXBuildFile; fileRef = B56188C81FD3F53200E4BC95 /* Assets.xcassets */; };
		B56188CC1FD3F53200E4BC95 /* Main.storyboard in Resources */ = {isa = PBXBuildFile; fileRef = B56188CA1FD3F53200E4BC95 /* Main.storyboard */; };
		B56188CF1FD3F53200E4BC95 /* main.m in Sources */ = {isa = PBXBuildFile; fileRef = B56188CE1FD3F53200E4BC95 /* main.m */; };
		B59BE80C1F384B6F00D830E0 /* AppDelegate.m in Sources */ = {isa = PBXBuildFile; fileRef = B59BE80B1F384B6F00D830E0 /* AppDelegate.m */; };
		B59BE80E1F384B6F00D830E0 /* Assets.xcassets in Resources */ = {isa = PBXBuildFile; fileRef = B59BE80D1F384B6F00D830E0 /* Assets.xcassets */; };
		B59BE8111F384B6F00D830E0 /* MainMenu.xib in Resources */ = {isa = PBXBuildFile; fileRef = B59BE80F1F384B6F00D830E0 /* MainMenu.xib */; };
		B59BE8141F384B6F00D830E0 /* main.m in Sources */ = {isa = PBXBuildFile; fileRef = B59BE8131F384B6F00D830E0 /* main.m */; };
		B59BE83C1F384BBE00D830E0 /* FRTableViewController.m in Sources */ = {isa = PBXBuildFile; fileRef = B59BE83A1F384BBE00D830E0 /* FRTableViewController.m */; };
		B59BE83D1F384BBE00D830E0 /* FRTableViewController.xib in Resources */ = {isa = PBXBuildFile; fileRef = B59BE83B1F384BBE00D830E0 /* FRTableViewController.xib */; };
		B59BE8481F3863AB00D830E0 /* FRPerson.m in Sources */ = {isa = PBXBuildFile; fileRef = B59BE8471F3863AB00D830E0 /* FRPerson.m */; };
/* End PBXBuildFile section */

/* Begin PBXFileReference section */
		B54FCC7C1F3889B10015EFD6 /* FRAddRowPanel.xib */ = {isa = PBXFileReference; lastKnownFileType = file.xib; path = FRAddRowPanel.xib; sourceTree = "<group>"; };
		B561888C1FD3EEF100E4BC95 /* NSOutlineViewDemo.app */ = {isa = PBXFileReference; explicitFileType = wrapper.application; includeInIndex = 0; path = NSOutlineViewDemo.app; sourceTree = BUILT_PRODUCTS_DIR; };
		B561888E1FD3EEF100E4BC95 /* AppDelegate.h */ = {isa = PBXFileReference; lastKnownFileType = sourcecode.c.h; path = AppDelegate.h; sourceTree = "<group>"; };
		B561888F1FD3EEF100E4BC95 /* AppDelegate.m */ = {isa = PBXFileReference; lastKnownFileType = sourcecode.c.objc; path = AppDelegate.m; sourceTree = "<group>"; };
		B56188911FD3EEF100E4BC95 /* ViewController.h */ = {isa = PBXFileReference; lastKnownFileType = sourcecode.c.h; path = ViewController.h; sourceTree = "<group>"; };
		B56188921FD3EEF100E4BC95 /* ViewController.m */ = {isa = PBXFileReference; lastKnownFileType = sourcecode.c.objc; path = ViewController.m; sourceTree = "<group>"; };
		B56188941FD3EEF100E4BC95 /* Assets.xcassets */ = {isa = PBXFileReference; lastKnownFileType = folder.assetcatalog; path = Assets.xcassets; sourceTree = "<group>"; };
		B56188971FD3EEF100E4BC95 /* Base */ = {isa = PBXFileReference; lastKnownFileType = file.storyboard; name = Base; path = Base.lproj/Main.storyboard; sourceTree = "<group>"; };
		B56188991FD3EEF100E4BC95 /* Info.plist */ = {isa = PBXFileReference; lastKnownFileType = text.plist.xml; path = Info.plist; sourceTree = "<group>"; };
		B561889A1FD3EEF100E4BC95 /* main.m */ = {isa = PBXFileReference; lastKnownFileType = sourcecode.c.objc; path = main.m; sourceTree = "<group>"; };
		B561889C1FD3EEF100E4BC95 /* NSOutlineViewDemo.entitlements */ = {isa = PBXFileReference; lastKnownFileType = text.plist.entitlements; path = NSOutlineViewDemo.entitlements; sourceTree = "<group>"; };
		B56188C01FD3F53200E4BC95 /* NSTableViewNoXIBDemo.app */ = {isa = PBXFileReference; explicitFileType = wrapper.application; includeInIndex = 0; path = NSTableViewNoXIBDemo.app; sourceTree = BUILT_PRODUCTS_DIR; };
		B56188C21FD3F53200E4BC95 /* AppDelegate.h */ = {isa = PBXFileReference; lastKnownFileType = sourcecode.c.h; path = AppDelegate.h; sourceTree = "<group>"; };
		B56188C31FD3F53200E4BC95 /* AppDelegate.m */ = {isa = PBXFileReference; lastKnownFileType = sourcecode.c.objc; path = AppDelegate.m; sourceTree = "<group>"; };
		B56188C51FD3F53200E4BC95 /* ViewController.h */ = {isa = PBXFileReference; lastKnownFileType = sourcecode.c.h; path = ViewController.h; sourceTree = "<group>"; };
		B56188C61FD3F53200E4BC95 /* ViewController.m */ = {isa = PBXFileReference; lastKnownFileType = sourcecode.c.objc; path = ViewController.m; sourceTree = "<group>"; };
		B56188C81FD3F53200E4BC95 /* Assets.xcassets */ = {isa = PBXFileReference; lastKnownFileType = folder.assetcatalog; path = Assets.xcassets; sourceTree = "<group>"; };
		B56188CB1FD3F53200E4BC95 /* Base */ = {isa = PBXFileReference; lastKnownFileType = file.storyboard; name = Base; path = Base.lproj/Main.storyboard; sourceTree = "<group>"; };
		B56188CD1FD3F53200E4BC95 /* Info.plist */ = {isa = PBXFileReference; lastKnownFileType = text.plist.xml; path = Info.plist; sourceTree = "<group>"; };
		B56188CE1FD3F53200E4BC95 /* main.m */ = {isa = PBXFileReference; lastKnownFileType = sourcecode.c.objc; path = main.m; sourceTree = "<group>"; };
		B56188D01FD3F53200E4BC95 /* NSTableViewNoXibDemo.entitlements */ = {isa = PBXFileReference; lastKnownFileType = text.plist.entitlements; path = NSTableViewNoXibDemo.entitlements; sourceTree = "<group>"; };
		B59BE8071F384B6F00D830E0 /* NSTableViewXIBDemo.app */ = {isa = PBXFileReference; explicitFileType = wrapper.application; includeInIndex = 0; path = NSTableViewXIBDemo.app; sourceTree = BUILT_PRODUCTS_DIR; };
		B59BE80A1F384B6F00D830E0 /* AppDelegate.h */ = {isa = PBXFileReference; lastKnownFileType = sourcecode.c.h; path = AppDelegate.h; sourceTree = "<group>"; };
		B59BE80B1F384B6F00D830E0 /* AppDelegate.m */ = {isa = PBXFileReference; lastKnownFileType = sourcecode.c.objc; path = AppDelegate.m; sourceTree = "<group>"; };
		B59BE80D1F384B6F00D830E0 /* Assets.xcassets */ = {isa = PBXFileReference; lastKnownFileType = folder.assetcatalog; path = Assets.xcassets; sourceTree = "<group>"; };
		B59BE8101F384B6F00D830E0 /* Base */ = {isa = PBXFileReference; lastKnownFileType = file.xib; name = Base; path = Base.lproj/MainMenu.xib; sourceTree = "<group>"; };
		B59BE8121F384B6F00D830E0 /* Info.plist */ = {isa = PBXFileReference; lastKnownFileType = text.plist.xml; path = Info.plist; sourceTree = "<group>"; };
		B59BE8131F384B6F00D830E0 /* main.m */ = {isa = PBXFileReference; lastKnownFileType = sourcecode.c.objc; path = main.m; sourceTree = "<group>"; };
		B59BE8391F384BBE00D830E0 /* FRTableViewController.h */ = {isa = PBXFileReference; lastKnownFileType = sourcecode.c.h; path = FRTableViewController.h; sourceTree = "<group>"; };
		B59BE83A1F384BBE00D830E0 /* FRTableViewController.m */ = {isa = PBXFileReference; lastKnownFileType = sourcecode.c.objc; path = FRTableViewController.m; sourceTree = "<group>"; };
		B59BE83B1F384BBE00D830E0 /* FRTableViewController.xib */ = {isa = PBXFileReference; lastKnownFileType = file.xib; path = FRTableViewController.xib; sourceTree = "<group>"; };
		B59BE8461F3863AB00D830E0 /* FRPerson.h */ = {isa = PBXFileReference; lastKnownFileType = sourcecode.c.h; path = FRPerson.h; sourceTree = "<group>"; };
		B59BE8471F3863AB00D830E0 /* FRPerson.m */ = {isa = PBXFileReference; lastKnownFileType = sourcecode.c.objc; path = FRPerson.m; sourceTree = "<group>"; };
/* End PBXFileReference section */

/* Begin PBXFrameworksBuildPhase section */
		B56188891FD3EEF100E4BC95 /* Frameworks */ = {
			isa = PBXFrameworksBuildPhase;
			buildActionMask = 2147483647;
			files = (
			);
			runOnlyForDeploymentPostprocessing = 0;
		};
		B56188BD1FD3F53200E4BC95 /* Frameworks */ = {
			isa = PBXFrameworksBuildPhase;
			buildActionMask = 2147483647;
			files = (
			);
			runOnlyForDeploymentPostprocessing = 0;
		};
		B59BE8041F384B6F00D830E0 /* Frameworks */ = {
			isa = PBXFrameworksBuildPhase;
			buildActionMask = 2147483647;
			files = (
			);
			runOnlyForDeploymentPostprocessing = 0;
		};
/* End PBXFrameworksBuildPhase section */

/* Begin PBXGroup section */
		B561888D1FD3EEF100E4BC95 /* NSOutlineViewDemo */ = {
			isa = PBXGroup;
			children = (
				B561888E1FD3EEF100E4BC95 /* AppDelegate.h */,
				B561888F1FD3EEF100E4BC95 /* AppDelegate.m */,
				B56188911FD3EEF100E4BC95 /* ViewController.h */,
				B56188921FD3EEF100E4BC95 /* ViewController.m */,
				B56188941FD3EEF100E4BC95 /* Assets.xcassets */,
				B56188961FD3EEF100E4BC95 /* Main.storyboard */,
				B56188991FD3EEF100E4BC95 /* Info.plist */,
				B561889A1FD3EEF100E4BC95 /* main.m */,
				B561889C1FD3EEF100E4BC95 /* NSOutlineViewDemo.entitlements */,
			);
			path = NSOutlineViewDemo;
			sourceTree = "<group>";
		};
		B56188C11FD3F53200E4BC95 /* NSTableViewNoXIBDemo */ = {
			isa = PBXGroup;
			children = (
				B56188C21FD3F53200E4BC95 /* AppDelegate.h */,
				B56188C31FD3F53200E4BC95 /* AppDelegate.m */,
				B56188C51FD3F53200E4BC95 /* ViewController.h */,
				B56188C61FD3F53200E4BC95 /* ViewController.m */,
				B56188C81FD3F53200E4BC95 /* Assets.xcassets */,
				B56188CA1FD3F53200E4BC95 /* Main.storyboard */,
				B56188CD1FD3F53200E4BC95 /* Info.plist */,
				B56188CE1FD3F53200E4BC95 /* main.m */,
				B56188D01FD3F53200E4BC95 /* NSTableViewNoXibDemo.entitlements */,
			);
			path = NSTableViewNoXIBDemo;
			sourceTree = "<group>";
		};
		B59BE7FE1F384B6E00D830E0 = {
			isa = PBXGroup;
			children = (
				B59BE8091F384B6F00D830E0 /* NSTableViewXIBDemo */,
				B56188C11FD3F53200E4BC95 /* NSTableViewNoXIBDemo */,
				B561888D1FD3EEF100E4BC95 /* NSOutlineViewDemo */,
				B59BE8081F384B6F00D830E0 /* Products */,
			);
			sourceTree = "<group>";
		};
		B59BE8081F384B6F00D830E0 /* Products */ = {
			isa = PBXGroup;
			children = (
				B59BE8071F384B6F00D830E0 /* NSTableViewXIBDemo.app */,
				B561888C1FD3EEF100E4BC95 /* NSOutlineViewDemo.app */,
				B56188C01FD3F53200E4BC95 /* NSTableViewNoXIBDemo.app */,
			);
			name = Products;
			sourceTree = "<group>";
		};
		B59BE8091F384B6F00D830E0 /* NSTableViewXIBDemo */ = {
			isa = PBXGroup;
			children = (
				B59BE80A1F384B6F00D830E0 /* AppDelegate.h */,
				B59BE80B1F384B6F00D830E0 /* AppDelegate.m */,
				B59BE8391F384BBE00D830E0 /* FRTableViewController.h */,
				B59BE83A1F384BBE00D830E0 /* FRTableViewController.m */,
				B59BE83B1F384BBE00D830E0 /* FRTableViewController.xib */,
				B59BE8461F3863AB00D830E0 /* FRPerson.h */,
				B59BE8471F3863AB00D830E0 /* FRPerson.m */,
				B54FCC7C1F3889B10015EFD6 /* FRAddRowPanel.xib */,
				B59BE80D1F384B6F00D830E0 /* Assets.xcassets */,
				B59BE80F1F384B6F00D830E0 /* MainMenu.xib */,
				B59BE8121F384B6F00D830E0 /* Info.plist */,
				B59BE8131F384B6F00D830E0 /* main.m */,
			);
			path = NSTableViewXIBDemo;
			sourceTree = "<group>";
		};
/* End PBXGroup section */

/* Begin PBXNativeTarget section */
		B561888B1FD3EEF100E4BC95 /* NSOutlineViewDemo */ = {
			isa = PBXNativeTarget;
			buildConfigurationList = B56188B31FD3EEF200E4BC95 /* Build configuration list for PBXNativeTarget "NSOutlineViewDemo" */;
			buildPhases = (
				B56188881FD3EEF100E4BC95 /* Sources */,
				B56188891FD3EEF100E4BC95 /* Frameworks */,
				B561888A1FD3EEF100E4BC95 /* Resources */,
			);
			buildRules = (
			);
			dependencies = (
			);
			name = NSOutlineViewDemo;
			productName = NSOutlineViewDemo;
			productReference = B561888C1FD3EEF100E4BC95 /* NSOutlineViewDemo.app */;
			productType = "com.apple.product-type.application";
		};
		B56188BF1FD3F53200E4BC95 /* NSTableViewNoXIBDemo */ = {
			isa = PBXNativeTarget;
			buildConfigurationList = B56188E71FD3F53300E4BC95 /* Build configuration list for PBXNativeTarget "NSTableViewNoXIBDemo" */;
			buildPhases = (
				B56188BC1FD3F53200E4BC95 /* Sources */,
				B56188BD1FD3F53200E4BC95 /* Frameworks */,
				B56188BE1FD3F53200E4BC95 /* Resources */,
			);
			buildRules = (
			);
			dependencies = (
			);
			name = NSTableViewNoXIBDemo;
			productName = NSTableViewNoXibDemo;
			productReference = B56188C01FD3F53200E4BC95 /* NSTableViewNoXIBDemo.app */;
			productType = "com.apple.product-type.application";
		};
		B59BE8061F384B6F00D830E0 /* NSTableViewXIBDemo */ = {
			isa = PBXNativeTarget;
			buildConfigurationList = B59BE82E1F384B6F00D830E0 /* Build configuration list for PBXNativeTarget "NSTableViewXIBDemo" */;
			buildPhases = (
				B59BE8031F384B6F00D830E0 /* Sources */,
				B59BE8041F384B6F00D830E0 /* Frameworks */,
				B59BE8051F384B6F00D830E0 /* Resources */,
			);
			buildRules = (
			);
			dependencies = (
			);
			name = NSTableViewXIBDemo;
			productName = NSTableViewDemo;
			productReference = B59BE8071F384B6F00D830E0 /* NSTableViewXIBDemo.app */;
			productType = "com.apple.product-type.application";
		};
/* End PBXNativeTarget section */

/* Begin PBXProject section */
		B59BE7FF1F384B6E00D830E0 /* Project object */ = {
			isa = PBXProject;
			attributes = {
				LastUpgradeCheck = 0900;
				ORGANIZATIONNAME = FanFrank;
				TargetAttributes = {
					B561888B1FD3EEF100E4BC95 = {
						CreatedOnToolsVersion = 9.1;
						ProvisioningStyle = Automatic;
					};
					B56188BF1FD3F53200E4BC95 = {
						CreatedOnToolsVersion = 9.1;
						ProvisioningStyle = Automatic;
						SystemCapabilities = {
							com.apple.Sandbox = {
								enabled = 0;
							};
						};
					};
					B59BE8061F384B6F00D830E0 = {
						CreatedOnToolsVersion = 9.0;
						SystemCapabilities = {
							com.apple.Keychain = {
								enabled = 0;
							};
							com.apple.Sandbox = {
								enabled = 0;
							};
						};
					};
				};
			};
			buildConfigurationList = B59BE8021F384B6E00D830E0 /* Build configuration list for PBXProject "NSComplexViewDemo" */;
			compatibilityVersion = "Xcode 8.0";
			developmentRegion = en;
			hasScannedForEncodings = 0;
			knownRegions = (
				en,
				Base,
			);
			mainGroup = B59BE7FE1F384B6E00D830E0;
			productRefGroup = B59BE8081F384B6F00D830E0 /* Products */;
			projectDirPath = "";
			projectRoot = "";
			targets = (
				B59BE8061F384B6F00D830E0 /* NSTableViewXIBDemo */,
				B56188BF1FD3F53200E4BC95 /* NSTableViewNoXIBDemo */,
				B561888B1FD3EEF100E4BC95 /* NSOutlineViewDemo */,
			);
		};
/* End PBXProject section */

/* Begin PBXResourcesBuildPhase section */
		B561888A1FD3EEF100E4BC95 /* Resources */ = {
			isa = PBXResourcesBuildPhase;
			buildActionMask = 2147483647;
			files = (
				B56188951FD3EEF100E4BC95 /* Assets.xcassets in Resources */,
				B56188981FD3EEF100E4BC95 /* Main.storyboard in Resources */,
			);
			runOnlyForDeploymentPostprocessing = 0;
		};
		B56188BE1FD3F53200E4BC95 /* Resources */ = {
			isa = PBXResourcesBuildPhase;
			buildActionMask = 2147483647;
			files = (
				B56188C91FD3F53200E4BC95 /* Assets.xcassets in Resources */,
				B56188CC1FD3F53200E4BC95 /* Main.storyboard in Resources */,
			);
			runOnlyForDeploymentPostprocessing = 0;
		};
		B59BE8051F384B6F00D830E0 /* Resources */ = {
			isa = PBXResourcesBuildPhase;
			buildActionMask = 2147483647;
			files = (
				B59BE80E1F384B6F00D830E0 /* Assets.xcassets in Resources */,
				B54FCC7D1F3889B10015EFD6 /* FRAddRowPanel.xib in Resources */,
				B59BE83D1F384BBE00D830E0 /* FRTableViewController.xib in Resources */,
				B59BE8111F384B6F00D830E0 /* MainMenu.xib in Resources */,
			);
			runOnlyForDeploymentPostprocessing = 0;
		};
/* End PBXResourcesBuildPhase section */

/* Begin PBXSourcesBuildPhase section */
		B56188881FD3EEF100E4BC95 /* Sources */ = {
			isa = PBXSourcesBuildPhase;
			buildActionMask = 2147483647;
			files = (
				B56188931FD3EEF100E4BC95 /* ViewController.m in Sources */,
				B561889B1FD3EEF100E4BC95 /* main.m in Sources */,
				B56188901FD3EEF100E4BC95 /* AppDelegate.m in Sources */,
			);
			runOnlyForDeploymentPostprocessing = 0;
		};
		B56188BC1FD3F53200E4BC95 /* Sources */ = {
			isa = PBXSourcesBuildPhase;
			buildActionMask = 2147483647;
			files = (
				B56188C71FD3F53200E4BC95 /* ViewController.m in Sources */,
				B56188CF1FD3F53200E4BC95 /* main.m in Sources */,
				B56188C41FD3F53200E4BC95 /* AppDelegate.m in Sources */,
			);
			runOnlyForDeploymentPostprocessing = 0;
		};
		B59BE8031F384B6F00D830E0 /* Sources */ = {
			isa = PBXSourcesBuildPhase;
			buildActionMask = 2147483647;
			files = (
				B59BE8481F3863AB00D830E0 /* FRPerson.m in Sources */,
				B59BE8141F384B6F00D830E0 /* main.m in Sources */,
				B59BE80C1F384B6F00D830E0 /* AppDelegate.m in Sources */,
				B59BE83C1F384BBE00D830E0 /* FRTableViewController.m in Sources */,
			);
			runOnlyForDeploymentPostprocessing = 0;
		};
/* End PBXSourcesBuildPhase section */

/* Begin PBXVariantGroup section */
		B56188961FD3EEF100E4BC95 /* Main.storyboard */ = {
			isa = PBXVariantGroup;
			children = (
				B56188971FD3EEF100E4BC95 /* Base */,
			);
			name = Main.storyboard;
			sourceTree = "<group>";
		};
		B56188CA1FD3F53200E4BC95 /* Main.storyboard */ = {
			isa = PBXVariantGroup;
			children = (
				B56188CB1FD3F53200E4BC95 /* Base */,
			);
			name = Main.storyboard;
			sourceTree = "<group>";
		};
		B59BE80F1F384B6F00D830E0 /* MainMenu.xib */ = {
			isa = PBXVariantGroup;
			children = (
				B59BE8101F384B6F00D830E0 /* Base */,
			);
			name = MainMenu.xib;
			sourceTree = "<group>";
		};
/* End PBXVariantGroup section */

/* Begin XCBuildConfiguration section */
		B56188B41FD3EEF200E4BC95 /* Debug */ = {
			isa = XCBuildConfiguration;
			buildSettings = {
				ASSETCATALOG_COMPILER_APPICON_NAME = AppIcon;
				CODE_SIGN_ENTITLEMENTS = NSOutlineViewDemo/NSOutlineViewDemo.entitlements;
				CODE_SIGN_STYLE = Automatic;
				COMBINE_HIDPI_IMAGES = YES;
				DEVELOPMENT_TEAM = D3Q47P8R6D;
				INFOPLIST_FILE = NSOutlineViewDemo/Info.plist;
				LD_RUNPATH_SEARCH_PATHS = "$(inherited) @executable_path/../Frameworks";
				MACOSX_DEPLOYMENT_TARGET = 10.13;
				PRODUCT_BUNDLE_IDENTIFIER = Frank.NSOutlineViewDemo;
				PRODUCT_NAME = "$(TARGET_NAME)";
			};
			name = Debug;
		};
		B56188B51FD3EEF200E4BC95 /* Release */ = {
			isa = XCBuildConfiguration;
			buildSettings = {
				ASSETCATALOG_COMPILER_APPICON_NAME = AppIcon;
				CODE_SIGN_ENTITLEMENTS = NSOutlineViewDemo/NSOutlineViewDemo.entitlements;
				CODE_SIGN_STYLE = Automatic;
				COMBINE_HIDPI_IMAGES = YES;
				DEVELOPMENT_TEAM = D3Q47P8R6D;
				INFOPLIST_FILE = NSOutlineViewDemo/Info.plist;
				LD_RUNPATH_SEARCH_PATHS = "$(inherited) @executable_path/../Frameworks";
				MACOSX_DEPLOYMENT_TARGET = 10.13;
				PRODUCT_BUNDLE_IDENTIFIER = Frank.NSOutlineViewDemo;
				PRODUCT_NAME = "$(TARGET_NAME)";
			};
			name = Release;
		};
		B56188E81FD3F53300E4BC95 /* Debug */ = {
			isa = XCBuildConfiguration;
			buildSettings = {
				ASSETCATALOG_COMPILER_APPICON_NAME = AppIcon;
				CODE_SIGN_STYLE = Automatic;
				COMBINE_HIDPI_IMAGES = YES;
				DEVELOPMENT_TEAM = D3Q47P8R6D;
				INFOPLIST_FILE = NSTableViewNoXibDemo/Info.plist;
				LD_RUNPATH_SEARCH_PATHS = "$(inherited) @executable_path/../Frameworks";
				MACOSX_DEPLOYMENT_TARGET = 10.13;
				PRODUCT_BUNDLE_IDENTIFIER = Frank.NSTableViewNoXibDemo;
				PRODUCT_NAME = "$(TARGET_NAME)";
			};
			name = Debug;
		};
		B56188E91FD3F53300E4BC95 /* Release */ = {
			isa = XCBuildConfiguration;
			buildSettings = {
				ASSETCATALOG_COMPILER_APPICON_NAME = AppIcon;
				CODE_SIGN_STYLE = Automatic;
				COMBINE_HIDPI_IMAGES = YES;
				DEVELOPMENT_TEAM = D3Q47P8R6D;
				INFOPLIST_FILE = NSTableViewNoXibDemo/Info.plist;
				LD_RUNPATH_SEARCH_PATHS = "$(inherited) @executable_path/../Frameworks";
				MACOSX_DEPLOYMENT_TARGET = 10.13;
				PRODUCT_BUNDLE_IDENTIFIER = Frank.NSTableViewNoXibDemo;
				PRODUCT_NAME = "$(TARGET_NAME)";
			};
			name = Release;
		};
		B59BE82C1F384B6F00D830E0 /* Debug */ = {
			isa = XCBuildConfiguration;
			buildSettings = {
				ALWAYS_SEARCH_USER_PATHS = NO;
				CLANG_ANALYZER_NONNULL = YES;
				CLANG_ANALYZER_NUMBER_OBJECT_CONVERSION = YES_AGGRESSIVE;
				CLANG_CXX_LANGUAGE_STANDARD = "gnu++14";
				CLANG_CXX_LIBRARY = "libc++";
				CLANG_ENABLE_MODULES = YES;
				CLANG_ENABLE_OBJC_ARC = YES;
				CLANG_WARN_BLOCK_CAPTURE_AUTORELEASING = YES;
				CLANG_WARN_BOOL_CONVERSION = YES;
				CLANG_WARN_COMMA = YES;
				CLANG_WARN_CONSTANT_CONVERSION = YES;
				CLANG_WARN_DIRECT_OBJC_ISA_USAGE = YES_ERROR;
				CLANG_WARN_DOCUMENTATION_COMMENTS = YES;
				CLANG_WARN_EMPTY_BODY = YES;
				CLANG_WARN_ENUM_CONVERSION = YES;
				CLANG_WARN_INFINITE_RECURSION = YES;
				CLANG_WARN_INT_CONVERSION = YES;
				CLANG_WARN_NON_LITERAL_NULL_CONVERSION = YES;
				CLANG_WARN_OBJC_LITERAL_CONVERSION = YES;
				CLANG_WARN_OBJC_ROOT_CLASS = YES_ERROR;
				CLANG_WARN_RANGE_LOOP_ANALYSIS = YES;
				CLANG_WARN_STRICT_PROTOTYPES = YES;
				CLANG_WARN_SUSPICIOUS_MOVE = YES;
				CLANG_WARN_UNGUARDED_AVAILABILITY = YES_AGGRESSIVE;
				CLANG_WARN_UNREACHABLE_CODE = YES;
				CLANG_WARN__DUPLICATE_METHOD_MATCH = YES;
				CODE_SIGN_IDENTITY = "Mac Developer";
				COPY_PHASE_STRIP = NO;
				DEBUG_INFORMATION_FORMAT = dwarf;
				ENABLE_STRICT_OBJC_MSGSEND = YES;
				ENABLE_TESTABILITY = YES;
				GCC_C_LANGUAGE_STANDARD = gnu11;
				GCC_DYNAMIC_NO_PIC = NO;
				GCC_NO_COMMON_BLOCKS = YES;
				GCC_OPTIMIZATION_LEVEL = 0;
				GCC_PREPROCESSOR_DEFINITIONS = (
					"DEBUG=1",
					"$(inherited)",
				);
				GCC_WARN_64_TO_32_BIT_CONVERSION = YES;
				GCC_WARN_ABOUT_RETURN_TYPE = YES_ERROR;
				GCC_WARN_UNDECLARED_SELECTOR = YES;
				GCC_WARN_UNINITIALIZED_AUTOS = YES_AGGRESSIVE;
				GCC_WARN_UNUSED_FUNCTION = YES;
				GCC_WARN_UNUSED_VARIABLE = YES;
				MACOSX_DEPLOYMENT_TARGET = 10.12;
				MTL_ENABLE_DEBUG_INFO = YES;
				ONLY_ACTIVE_ARCH = YES;
				SDKROOT = macosx;
			};
			name = Debug;
		};
		B59BE82D1F384B6F00D830E0 /* Release */ = {
			isa = XCBuildConfiguration;
			buildSettings = {
				ALWAYS_SEARCH_USER_PATHS = NO;
				CLANG_ANALYZER_NONNULL = YES;
				CLANG_ANALYZER_NUMBER_OBJECT_CONVERSION = YES_AGGRESSIVE;
				CLANG_CXX_LANGUAGE_STANDARD = "gnu++14";
				CLANG_CXX_LIBRARY = "libc++";
				CLANG_ENABLE_MODULES = YES;
				CLANG_ENABLE_OBJC_ARC = YES;
				CLANG_WARN_BLOCK_CAPTURE_AUTORELEASING = YES;
				CLANG_WARN_BOOL_CONVERSION = YES;
				CLANG_WARN_COMMA = YES;
				CLANG_WARN_CONSTANT_CONVERSION = YES;
				CLANG_WARN_DIRECT_OBJC_ISA_USAGE = YES_ERROR;
				CLANG_WARN_DOCUMENTATION_COMMENTS = YES;
				CLANG_WARN_EMPTY_BODY = YES;
				CLANG_WARN_ENUM_CONVERSION = YES;
				CLANG_WARN_INFINITE_RECURSION = YES;
				CLANG_WARN_INT_CONVERSION = YES;
				CLANG_WARN_NON_LITERAL_NULL_CONVERSION = YES;
				CLANG_WARN_OBJC_LITERAL_CONVERSION = YES;
				CLANG_WARN_OBJC_ROOT_CLASS = YES_ERROR;
				CLANG_WARN_RANGE_LOOP_ANALYSIS = YES;
				CLANG_WARN_STRICT_PROTOTYPES = YES;
				CLANG_WARN_SUSPICIOUS_MOVE = YES;
				CLANG_WARN_UNGUARDED_AVAILABILITY = YES_AGGRESSIVE;
				CLANG_WARN_UNREACHABLE_CODE = YES;
				CLANG_WARN__DUPLICATE_METHOD_MATCH = YES;
				CODE_SIGN_IDENTITY = "Mac Developer";
				COPY_PHASE_STRIP = NO;
				DEBUG_INFORMATION_FORMAT = "dwarf-with-dsym";
				ENABLE_NS_ASSERTIONS = NO;
				ENABLE_STRICT_OBJC_MSGSEND = YES;
				GCC_C_LANGUAGE_STANDARD = gnu11;
				GCC_NO_COMMON_BLOCKS = YES;
				GCC_WARN_64_TO_32_BIT_CONVERSION = YES;
				GCC_WARN_ABOUT_RETURN_TYPE = YES_ERROR;
				GCC_WARN_UNDECLARED_SELECTOR = YES;
				GCC_WARN_UNINITIALIZED_AUTOS = YES_AGGRESSIVE;
				GCC_WARN_UNUSED_FUNCTION = YES;
				GCC_WARN_UNUSED_VARIABLE = YES;
				MACOSX_DEPLOYMENT_TARGET = 10.12;
				MTL_ENABLE_DEBUG_INFO = NO;
				SDKROOT = macosx;
			};
			name = Release;
		};
		B59BE82F1F384B6F00D830E0 /* Debug */ = {
			isa = XCBuildConfiguration;
			buildSettings = {
				ASSETCATALOG_COMPILER_APPICON_NAME = AppIcon;
				COMBINE_HIDPI_IMAGES = YES;
				DEVELOPMENT_TEAM = 7PLGSDP5AT;
				INFOPLIST_FILE = "$(SRCROOT)/NSTableViewXIBDemo/Info.plist";
				LD_RUNPATH_SEARCH_PATHS = "$(inherited) @executable_path/../Frameworks";
				PRODUCT_BUNDLE_IDENTIFIER = FanFrank.NSTableViewDemo;
				PRODUCT_NAME = "$(TARGET_NAME)";
			};
			name = Debug;
		};
		B59BE8301F384B6F00D830E0 /* Release */ = {
			isa = XCBuildConfiguration;
			buildSettings = {
				ASSETCATALOG_COMPILER_APPICON_NAME = AppIcon;
				COMBINE_HIDPI_IMAGES = YES;
				DEVELOPMENT_TEAM = 7PLGSDP5AT;
				INFOPLIST_FILE = "$(SRCROOT)/NSTableViewXIBDemo/Info.plist";
				LD_RUNPATH_SEARCH_PATHS = "$(inherited) @executable_path/../Frameworks";
				PRODUCT_BUNDLE_IDENTIFIER = FanFrank.NSTableViewDemo;
				PRODUCT_NAME = "$(TARGET_NAME)";
			};
			name = Release;
		};
/* End XCBuildConfiguration section */

/* Begin XCConfigurationList section */
		B56188B31FD3EEF200E4BC95 /* Build configuration list for PBXNativeTarget "NSOutlineViewDemo" */ = {
			isa = XCConfigurationList;
			buildConfigurations = (
				B56188B41FD3EEF200E4BC95 /* Debug */,
				B56188B51FD3EEF200E4BC95 /* Release */,
			);
			defaultConfigurationIsVisible = 0;
			defaultConfigurationName = Release;
		};
		B56188E71FD3F53300E4BC95 /* Build configuration list for PBXNativeTarget "NSTableViewNoXIBDemo" */ = {
			isa = XCConfigurationList;
			buildConfigurations = (
				B56188E81FD3F53300E4BC95 /* Debug */,
				B56188E91FD3F53300E4BC95 /* Release */,
			);
			defaultConfigurationIsVisible = 0;
			defaultConfigurationName = Release;
		};
		B59BE8021F384B6E00D830E0 /* Build configuration list for PBXProject "NSComplexViewDemo" */ = {
			isa = XCConfigurationList;
			buildConfigurations = (
				B59BE82C1F384B6F00D830E0 /* Debug */,
				B59BE82D1F384B6F00D830E0 /* Release */,
			);
			defaultConfigurationIsVisible = 0;
			defaultConfigurationName = Release;
		};
		B59BE82E1F384B6F00D830E0 /* Build configuration list for PBXNativeTarget "NSTableViewXIBDemo" */ = {
			isa = XCConfigurationList;
			buildConfigurations = (
				B59BE82F1F384B6F00D830E0 /* Debug */,
				B59BE8301F384B6F00D830E0 /* Release */,
			);
			defaultConfigurationIsVisible = 0;
			defaultConfigurationName = Release;
		};
/* End XCConfigurationList section */
	};
	rootObject = B59BE7FF1F384B6E00D830E0 /* Project object */;
}
