// !$*UTF8*$!
{
	archiveVersion = 1;
	classes = {
	};
	objectVersion = 48;
	objects = {

/* Begin PBXBuildFile section */
		B54FCC7D1F3889B10015EFD6 /* FRAddRowPanel.xib in Resources */ = {isa = PBXBuildFile; fileRef = B54FCC7C1F3889B10015EFD6 /* FRAddRowPanel.xib */; };
		B59BE80C1F384B6F00D830E0 /* AppDelegate.m in Sources */ = {isa = PBXBuildFile; fileRef = B59BE80B1F384B6F00D830E0 /* AppDelegate.m */; };
		B59BE80E1F384B6F00D830E0 /* Assets.xcassets in Resources */ = {isa = PBXBuildFile; fileRef = B59BE80D1F384B6F00D830E0 /* Assets.xcassets */; };
		B59BE8111F384B6F00D830E0 /* MainMenu.xib in Resources */ = {isa = PBXBuildFile; fileRef = B59BE80F1F384B6F00D830E0 /* MainMenu.xib */; };
		B59BE8141F384B6F00D830E0 /* main.m in Sources */ = {isa = PBXBuildFile; fileRef = B59BE8131F384B6F00D830E0 /* main.m */; };
		B59BE81F1F384B6F00D830E0 /* NSTableViewDemoTests.m in Sources */ = {isa = PBXBuildFile; fileRef = B59BE81E1F384B6F00D830E0 /* NSTableViewDemoTests.m */; };
		B59BE82A1F384B6F00D830E0 /* NSTableViewDemoUITests.m in Sources */ = {isa = PBXBuildFile; fileRef = B59BE8291F384B6F00D830E0 /* NSTableViewDemoUITests.m */; };
		B59BE83C1F384BBE00D830E0 /* FRTableViewController.m in Sources */ = {isa = PBXBuildFile; fileRef = B59BE83A1F384BBE00D830E0 /* FRTableViewController.m */; };
		B59BE83D1F384BBE00D830E0 /* FRTableViewController.xib in Resources */ = {isa = PBXBuildFile; fileRef = B59BE83B1F384BBE00D830E0 /* FRTableViewController.xib */; };
		B59BE8481F3863AB00D830E0 /* FRPerson.m in Sources */ = {isa = PBXBuildFile; fileRef = B59BE8471F3863AB00D830E0 /* FRPerson.m */; };
/* End PBXBuildFile section */

/* Begin PBXContainerItemProxy section */
		B59BE81B1F384B6F00D830E0 /* PBXContainerItemProxy */ = {
			isa = PBXContainerItemProxy;
			containerPortal = B59BE7FF1F384B6E00D830E0 /* Project object */;
			proxyType = 1;
			remoteGlobalIDString = B59BE8061F384B6F00D830E0;
			remoteInfo = NSTableViewDemo;
		};
		B59BE8261F384B6F00D830E0 /* PBXContainerItemProxy */ = {
			isa = PBXContainerItemProxy;
			containerPortal = B59BE7FF1F384B6E00D830E0 /* Project object */;
			proxyType = 1;
			remoteGlobalIDString = B59BE8061F384B6F00D830E0;
			remoteInfo = NSTableViewDemo;
		};
/* End PBXContainerItemProxy section */

/* Begin PBXFileReference section */
		B54FCC7C1F3889B10015EFD6 /* FRAddRowPanel.xib */ = {isa = PBXFileReference; lastKnownFileType = file.xib; path = FRAddRowPanel.xib; sourceTree = "<group>"; };
		B59BE8071F384B6F00D830E0 /* NSTableViewDemo.app */ = {isa = PBXFileReference; explicitFileType = wrapper.application; includeInIndex = 0; path = NSTableViewDemo.app; sourceTree = BUILT_PRODUCTS_DIR; };
		B59BE80A1F384B6F00D830E0 /* AppDelegate.h */ = {isa = PBXFileReference; lastKnownFileType = sourcecode.c.h; path = AppDelegate.h; sourceTree = "<group>"; };
		B59BE80B1F384B6F00D830E0 /* AppDelegate.m */ = {isa = PBXFileReference; lastKnownFileType = sourcecode.c.objc; path = AppDelegate.m; sourceTree = "<group>"; };
		B59BE80D1F384B6F00D830E0 /* Assets.xcassets */ = {isa = PBXFileReference; lastKnownFileType = folder.assetcatalog; path = Assets.xcassets; sourceTree = "<group>"; };
		B59BE8101F384B6F00D830E0 /* Base */ = {isa = PBXFileReference; lastKnownFileType = file.xib; name = Base; path = Base.lproj/MainMenu.xib; sourceTree = "<group>"; };
		B59BE8121F384B6F00D830E0 /* Info.plist */ = {isa = PBXFileReference; lastKnownFileType = text.plist.xml; path = Info.plist; sourceTree = "<group>"; };
		B59BE8131F384B6F00D830E0 /* main.m */ = {isa = PBXFileReference; lastKnownFileType = sourcecode.c.objc; path = main.m; sourceTree = "<group>"; };
		B59BE8151F384B6F00D830E0 /* NSTableViewDemo.entitlements */ = {isa = PBXFileReference; lastKnownFileType = text.plist.entitlements; path = NSTableViewDemo.entitlements; sourceTree = "<group>"; };
		B59BE81A1F384B6F00D830E0 /* NSTableViewDemoTests.xctest */ = {isa = PBXFileReference; explicitFileType = wrapper.cfbundle; includeInIndex = 0; path = NSTableViewDemoTests.xctest; sourceTree = BUILT_PRODUCTS_DIR; };
		B59BE81E1F384B6F00D830E0 /* NSTableViewDemoTests.m */ = {isa = PBXFileReference; lastKnownFileType = sourcecode.c.objc; path = NSTableViewDemoTests.m; sourceTree = "<group>"; };
		B59BE8201F384B6F00D830E0 /* Info.plist */ = {isa = PBXFileReference; lastKnownFileType = text.plist.xml; path = Info.plist; sourceTree = "<group>"; };
		B59BE8251F384B6F00D830E0 /* NSTableViewDemoUITests.xctest */ = {isa = PBXFileReference; explicitFileType = wrapper.cfbundle; includeInIndex = 0; path = NSTableViewDemoUITests.xctest; sourceTree = BUILT_PRODUCTS_DIR; };
		B59BE8291F384B6F00D830E0 /* NSTableViewDemoUITests.m */ = {isa = PBXFileReference; lastKnownFileType = sourcecode.c.objc; path = NSTableViewDemoUITests.m; sourceTree = "<group>"; };
		B59BE82B1F384B6F00D830E0 /* Info.plist */ = {isa = PBXFileReference; lastKnownFileType = text.plist.xml; path = Info.plist; sourceTree = "<group>"; };
		B59BE8391F384BBE00D830E0 /* FRTableViewController.h */ = {isa = PBXFileReference; lastKnownFileType = sourcecode.c.h; path = FRTableViewController.h; sourceTree = "<group>"; };
		B59BE83A1F384BBE00D830E0 /* FRTableViewController.m */ = {isa = PBXFileReference; lastKnownFileType = sourcecode.c.objc; path = FRTableViewController.m; sourceTree = "<group>"; };
		B59BE83B1F384BBE00D830E0 /* FRTableViewController.xib */ = {isa = PBXFileReference; lastKnownFileType = file.xib; path = FRTableViewController.xib; sourceTree = "<group>"; };
		B59BE8461F3863AB00D830E0 /* FRPerson.h */ = {isa = PBXFileReference; lastKnownFileType = sourcecode.c.h; path = FRPerson.h; sourceTree = "<group>"; };
		B59BE8471F3863AB00D830E0 /* FRPerson.m */ = {isa = PBXFileReference; lastKnownFileType = sourcecode.c.objc; path = FRPerson.m; sourceTree = "<group>"; };
/* End PBXFileReference section */

/* Begin PBXFrameworksBuildPhase section */
		B59BE8041F384B6F00D830E0 /* Frameworks */ = {
			isa = PBXFrameworksBuildPhase;
			buildActionMask = 2147483647;
			files = (
			);
			runOnlyForDeploymentPostprocessing = 0;
		};
		B59BE8171F384B6F00D830E0 /* Frameworks */ = {
			isa = PBXFrameworksBuildPhase;
			buildActionMask = 2147483647;
			files = (
			);
			runOnlyForDeploymentPostprocessing = 0;
		};
		B59BE8221F384B6F00D830E0 /* Frameworks */ = {
			isa = PBXFrameworksBuildPhase;
			buildActionMask = 2147483647;
			files = (
			);
			runOnlyForDeploymentPostprocessing = 0;
		};
/* End PBXFrameworksBuildPhase section */

/* Begin PBXGroup section */
		B59BE7FE1F384B6E00D830E0 = {
			isa = PBXGroup;
			children = (
				B59BE8091F384B6F00D830E0 /* NSTableViewDemo */,
				B59BE81D1F384B6F00D830E0 /* NSTableViewDemoTests */,
				B59BE8281F384B6F00D830E0 /* NSTableViewDemoUITests */,
				B59BE8081F384B6F00D830E0 /* Products */,
			);
			sourceTree = "<group>";
		};
		B59BE8081F384B6F00D830E0 /* Products */ = {
			isa = PBXGroup;
			children = (
				B59BE8071F384B6F00D830E0 /* NSTableViewDemo.app */,
				B59BE81A1F384B6F00D830E0 /* NSTableViewDemoTests.xctest */,
				B59BE8251F384B6F00D830E0 /* NSTableViewDemoUITests.xctest */,
			);
			name = Products;
			sourceTree = "<group>";
		};
		B59BE8091F384B6F00D830E0 /* NSTableViewDemo */ = {
			isa = PBXGroup;
			children = (
				B59BE80A1F384B6F00D830E0 /* AppDelegate.h */,
				B59BE80B1F384B6F00D830E0 /* AppDelegate.m */,
				B59BE8391F384BBE00D830E0 /* FRTableViewController.h */,
				B59BE83A1F384BBE00D830E0 /* FRTableViewController.m */,
				B59BE83B1F384BBE00D830E0 /* FRTableViewController.xib */,
				B59BE8461F3863AB00D830E0 /* FRPerson.h */,
				B59BE8471F3863AB00D830E0 /* FRPerson.m */,
				B54FCC7C1F3889B10015EFD6 /* FRAddRowPanel.xib */,
				B59BE80D1F384B6F00D830E0 /* Assets.xcassets */,
				B59BE80F1F384B6F00D830E0 /* MainMenu.xib */,
				B59BE8121F384B6F00D830E0 /* Info.plist */,
				B59BE8131F384B6F00D830E0 /* main.m */,
				B59BE8151F384B6F00D830E0 /* NSTableViewDemo.entitlements */,
			);
			path = NSTableViewDemo;
			sourceTree = "<group>";
		};
		B59BE81D1F384B6F00D830E0 /* NSTableViewDemoTests */ = {
			isa = PBXGroup;
			children = (
				B59BE81E1F384B6F00D830E0 /* NSTableViewDemoTests.m */,
				B59BE8201F384B6F00D830E0 /* Info.plist */,
			);
			path = NSTableViewDemoTests;
			sourceTree = "<group>";
		};
		B59BE8281F384B6F00D830E0 /* NSTableViewDemoUITests */ = {
			isa = PBXGroup;
			children = (
				B59BE8291F384B6F00D830E0 /* NSTableViewDemoUITests.m */,
				B59BE82B1F384B6F00D830E0 /* Info.plist */,
			);
			path = NSTableViewDemoUITests;
			sourceTree = "<group>";
		};
/* End PBXGroup section */

/* Begin PBXNativeTarget section */
		B59BE8061F384B6F00D830E0 /* NSTableViewDemo */ = {
			isa = PBXNativeTarget;
			buildConfigurationList = B59BE82E1F384B6F00D830E0 /* Build configuration list for PBXNativeTarget "NSTableViewDemo" */;
			buildPhases = (
				B59BE8031F384B6F00D830E0 /* Sources */,
				B59BE8041F384B6F00D830E0 /* Frameworks */,
				B59BE8051F384B6F00D830E0 /* Resources */,
			);
			buildRules = (
			);
			dependencies = (
			);
			name = NSTableViewDemo;
			productName = NSTableViewDemo;
			productReference = B59BE8071F384B6F00D830E0 /* NSTableViewDemo.app */;
			productType = "com.apple.product-type.application";
		};
		B59BE8191F384B6F00D830E0 /* NSTableViewDemoTests */ = {
			isa = PBXNativeTarget;
			buildConfigurationList = B59BE8311F384B6F00D830E0 /* Build configuration list for PBXNativeTarget "NSTableViewDemoTests" */;
			buildPhases = (
				B59BE8161F384B6F00D830E0 /* Sources */,
				B59BE8171F384B6F00D830E0 /* Frameworks */,
				B59BE8181F384B6F00D830E0 /* Resources */,
			);
			buildRules = (
			);
			dependencies = (
				B59BE81C1F384B6F00D830E0 /* PBXTargetDependency */,
			);
			name = NSTableViewDemoTests;
			productName = NSTableViewDemoTests;
			productReference = B59BE81A1F384B6F00D830E0 /* NSTableViewDemoTests.xctest */;
			productType = "com.apple.product-type.bundle.unit-test";
		};
		B59BE8241F384B6F00D830E0 /* NSTableViewDemoUITests */ = {
			isa = PBXNativeTarget;
			buildConfigurationList = B59BE8341F384B6F00D830E0 /* Build configuration list for PBXNativeTarget "NSTableViewDemoUITests" */;
			buildPhases = (
				B59BE8211F384B6F00D830E0 /* Sources */,
				B59BE8221F384B6F00D830E0 /* Frameworks */,
				B59BE8231F384B6F00D830E0 /* Resources */,
			);
			buildRules = (
			);
			dependencies = (
				B59BE8271F384B6F00D830E0 /* PBXTargetDependency */,
			);
			name = NSTableViewDemoUITests;
			productName = NSTableViewDemoUITests;
			productReference = B59BE8251F384B6F00D830E0 /* NSTableViewDemoUITests.xctest */;
			productType = "com.apple.product-type.bundle.ui-testing";
		};
/* End PBXNativeTarget section */

/* Begin PBXProject section */
		B59BE7FF1F384B6E00D830E0 /* Project object */ = {
			isa = PBXProject;
			attributes = {
				LastUpgradeCheck = 0900;
				ORGANIZATIONNAME = FanFrank;
				TargetAttributes = {
					B59BE8061F384B6F00D830E0 = {
						CreatedOnToolsVersion = 9.0;
					};
					B59BE8191F384B6F00D830E0 = {
						CreatedOnToolsVersion = 9.0;
						TestTargetID = B59BE8061F384B6F00D830E0;
					};
					B59BE8241F384B6F00D830E0 = {
						CreatedOnToolsVersion = 9.0;
						TestTargetID = B59BE8061F384B6F00D830E0;
					};
				};
			};
			buildConfigurationList = B59BE8021F384B6E00D830E0 /* Build configuration list for PBXProject "NSTableViewDemo" */;
			compatibilityVersion = "Xcode 8.0";
			developmentRegion = en;
			hasScannedForEncodings = 0;
			knownRegions = (
				en,
				Base,
			);
			mainGroup = B59BE7FE1F384B6E00D830E0;
			productRefGroup = B59BE8081F384B6F00D830E0 /* Products */;
			projectDirPath = "";
			projectRoot = "";
			targets = (
				B59BE8061F384B6F00D830E0 /* NSTableViewDemo */,
				B59BE8191F384B6F00D830E0 /* NSTableViewDemoTests */,
				B59BE8241F384B6F00D830E0 /* NSTableViewDemoUITests */,
			);
		};
/* End PBXProject section */

/* Begin PBXResourcesBuildPhase section */
		B59BE8051F384B6F00D830E0 /* Resources */ = {
			isa = PBXResourcesBuildPhase;
			buildActionMask = 2147483647;
			files = (
				B59BE80E1F384B6F00D830E0 /* Assets.xcassets in Resources */,
				B54FCC7D1F3889B10015EFD6 /* FRAddRowPanel.xib in Resources */,
				B59BE83D1F384BBE00D830E0 /* FRTableViewController.xib in Resources */,
				B59BE8111F384B6F00D830E0 /* MainMenu.xib in Resources */,
			);
			runOnlyForDeploymentPostprocessing = 0;
		};
		B59BE8181F384B6F00D830E0 /* Resources */ = {
			isa = PBXResourcesBuildPhase;
			buildActionMask = 2147483647;
			files = (
			);
			runOnlyForDeploymentPostprocessing = 0;
		};
		B59BE8231F384B6F00D830E0 /* Resources */ = {
			isa = PBXResourcesBuildPhase;
			buildActionMask = 2147483647;
			files = (
			);
			runOnlyForDeploymentPostprocessing = 0;
		};
/* End PBXResourcesBuildPhase section */

/* Begin PBXSourcesBuildPhase section */
		B59BE8031F384B6F00D830E0 /* Sources */ = {
			isa = PBXSourcesBuildPhase;
			buildActionMask = 2147483647;
			files = (
				B59BE8481F3863AB00D830E0 /* FRPerson.m in Sources */,
				B59BE8141F384B6F00D830E0 /* main.m in Sources */,
				B59BE80C1F384B6F00D830E0 /* AppDelegate.m in Sources */,
				B59BE83C1F384BBE00D830E0 /* FRTableViewController.m in Sources */,
			);
			runOnlyForDeploymentPostprocessing = 0;
		};
		B59BE8161F384B6F00D830E0 /* Sources */ = {
			isa = PBXSourcesBuildPhase;
			buildActionMask = 2147483647;
			files = (
				B59BE81F1F384B6F00D830E0 /* NSTableViewDemoTests.m in Sources */,
			);
			runOnlyForDeploymentPostprocessing = 0;
		};
		B59BE8211F384B6F00D830E0 /* Sources */ = {
			isa = PBXSourcesBuildPhase;
			buildActionMask = 2147483647;
			files = (
				B59BE82A1F384B6F00D830E0 /* NSTableViewDemoUITests.m in Sources */,
			);
			runOnlyForDeploymentPostprocessing = 0;
		};
/* End PBXSourcesBuildPhase section */

/* Begin PBXTargetDependency section */
		B59BE81C1F384B6F00D830E0 /* PBXTargetDependency */ = {
			isa = PBXTargetDependency;
			target = B59BE8061F384B6F00D830E0 /* NSTableViewDemo */;
			targetProxy = B59BE81B1F384B6F00D830E0 /* PBXContainerItemProxy */;
		};
		B59BE8271F384B6F00D830E0 /* PBXTargetDependency */ = {
			isa = PBXTargetDependency;
			target = B59BE8061F384B6F00D830E0 /* NSTableViewDemo */;
			targetProxy = B59BE8261F384B6F00D830E0 /* PBXContainerItemProxy */;
		};
/* End PBXTargetDependency section */

/* Begin PBXVariantGroup section */
		B59BE80F1F384B6F00D830E0 /* MainMenu.xib */ = {
			isa = PBXVariantGroup;
			children = (
				B59BE8101F384B6F00D830E0 /* Base */,
			);
			name = MainMenu.xib;
			sourceTree = "<group>";
		};
/* End PBXVariantGroup section */

/* Begin XCBuildConfiguration section */
		B59BE82C1F384B6F00D830E0 /* Debug */ = {
			isa = XCBuildConfiguration;
			buildSettings = {
				ALWAYS_SEARCH_USER_PATHS = NO;
				CLANG_ANALYZER_NONNULL = YES;
				CLANG_ANALYZER_NUMBER_OBJECT_CONVERSION = YES_AGGRESSIVE;
				CLANG_CXX_LANGUAGE_STANDARD = "gnu++14";
				CLANG_CXX_LIBRARY = "libc++";
				CLANG_ENABLE_MODULES = YES;
				CLANG_ENABLE_OBJC_ARC = YES;
				CLANG_WARN_BLOCK_CAPTURE_AUTORELEASING = YES;
				CLANG_WARN_BOOL_CONVERSION = YES;
				CLANG_WARN_COMMA = YES;
				CLANG_WARN_CONSTANT_CONVERSION = YES;
				CLANG_WARN_DIRECT_OBJC_ISA_USAGE = YES_ERROR;
				CLANG_WARN_DOCUMENTATION_COMMENTS = YES;
				CLANG_WARN_EMPTY_BODY = YES;
				CLANG_WARN_ENUM_CONVERSION = YES;
				CLANG_WARN_INFINITE_RECURSION = YES;
				CLANG_WARN_INT_CONVERSION = YES;
				CLANG_WARN_NON_LITERAL_NULL_CONVERSION = YES;
				CLANG_WARN_OBJC_LITERAL_CONVERSION = YES;
				CLANG_WARN_OBJC_ROOT_CLASS = YES_ERROR;
				CLANG_WARN_RANGE_LOOP_ANALYSIS = YES;
				CLANG_WARN_STRICT_PROTOTYPES = YES;
				CLANG_WARN_SUSPICIOUS_MOVE = YES;
				CLANG_WARN_UNGUARDED_AVAILABILITY = YES_AGGRESSIVE;
				CLANG_WARN_UNREACHABLE_CODE = YES;
				CLANG_WARN__DUPLICATE_METHOD_MATCH = YES;
				CODE_SIGN_IDENTITY = "Mac Developer";
				COPY_PHASE_STRIP = NO;
				DEBUG_INFORMATION_FORMAT = dwarf;
				ENABLE_STRICT_OBJC_MSGSEND = YES;
				ENABLE_TESTABILITY = YES;
				GCC_C_LANGUAGE_STANDARD = gnu11;
				GCC_DYNAMIC_NO_PIC = NO;
				GCC_NO_COMMON_BLOCKS = YES;
				GCC_OPTIMIZATION_LEVEL = 0;
				GCC_PREPROCESSOR_DEFINITIONS = (
					"DEBUG=1",
					"$(inherited)",
				);
				GCC_WARN_64_TO_32_BIT_CONVERSION = YES;
				GCC_WARN_ABOUT_RETURN_TYPE = YES_ERROR;
				GCC_WARN_UNDECLARED_SELECTOR = YES;
				GCC_WARN_UNINITIALIZED_AUTOS = YES_AGGRESSIVE;
				GCC_WARN_UNUSED_FUNCTION = YES;
				GCC_WARN_UNUSED_VARIABLE = YES;
				MACOSX_DEPLOYMENT_TARGET = 10.12;
				MTL_ENABLE_DEBUG_INFO = YES;
				ONLY_ACTIVE_ARCH = YES;
				SDKROOT = macosx;
			};
			name = Debug;
		};
		B59BE82D1F384B6F00D830E0 /* Release */ = {
			isa = XCBuildConfiguration;
			buildSettings = {
				ALWAYS_SEARCH_USER_PATHS = NO;
				CLANG_ANALYZER_NONNULL = YES;
				CLANG_ANALYZER_NUMBER_OBJECT_CONVERSION = YES_AGGRESSIVE;
				CLANG_CXX_LANGUAGE_STANDARD = "gnu++14";
				CLANG_CXX_LIBRARY = "libc++";
				CLANG_ENABLE_MODULES = YES;
				CLANG_ENABLE_OBJC_ARC = YES;
				CLANG_WARN_BLOCK_CAPTURE_AUTORELEASING = YES;
				CLANG_WARN_BOOL_CONVERSION = YES;
				CLANG_WARN_COMMA = YES;
				CLANG_WARN_CONSTANT_CONVERSION = YES;
				CLANG_WARN_DIRECT_OBJC_ISA_USAGE = YES_ERROR;
				CLANG_WARN_DOCUMENTATION_COMMENTS = YES;
				CLANG_WARN_EMPTY_BODY = YES;
				CLANG_WARN_ENUM_CONVERSION = YES;
				CLANG_WARN_INFINITE_RECURSION = YES;
				CLANG_WARN_INT_CONVERSION = YES;
				CLANG_WARN_NON_LITERAL_NULL_CONVERSION = YES;
				CLANG_WARN_OBJC_LITERAL_CONVERSION = YES;
				CLANG_WARN_OBJC_ROOT_CLASS = YES_ERROR;
				CLANG_WARN_RANGE_LOOP_ANALYSIS = YES;
				CLANG_WARN_STRICT_PROTOTYPES = YES;
				CLANG_WARN_SUSPICIOUS_MOVE = YES;
				CLANG_WARN_UNGUARDED_AVAILABILITY = YES_AGGRESSIVE;
				CLANG_WARN_UNREACHABLE_CODE = YES;
				CLANG_WARN__DUPLICATE_METHOD_MATCH = YES;
				CODE_SIGN_IDENTITY = "Mac Developer";
				COPY_PHASE_STRIP = NO;
				DEBUG_INFORMATION_FORMAT = "dwarf-with-dsym";
				ENABLE_NS_ASSERTIONS = NO;
				ENABLE_STRICT_OBJC_MSGSEND = YES;
				GCC_C_LANGUAGE_STANDARD = gnu11;
				GCC_NO_COMMON_BLOCKS = YES;
				GCC_WARN_64_TO_32_BIT_CONVERSION = YES;
				GCC_WARN_ABOUT_RETURN_TYPE = YES_ERROR;
				GCC_WARN_UNDECLARED_SELECTOR = YES;
				GCC_WARN_UNINITIALIZED_AUTOS = YES_AGGRESSIVE;
				GCC_WARN_UNUSED_FUNCTION = YES;
				GCC_WARN_UNUSED_VARIABLE = YES;
				MACOSX_DEPLOYMENT_TARGET = 10.12;
				MTL_ENABLE_DEBUG_INFO = NO;
				SDKROOT = macosx;
			};
			name = Release;
		};
		B59BE82F1F384B6F00D830E0 /* Debug */ = {
			isa = XCBuildConfiguration;
			buildSettings = {
				ASSETCATALOG_COMPILER_APPICON_NAME = AppIcon;
				CODE_SIGN_ENTITLEMENTS = NSTableViewDemo/NSTableViewDemo.entitlements;
				COMBINE_HIDPI_IMAGES = YES;
				DEVELOPMENT_TEAM = 7PLGSDP5AT;
				INFOPLIST_FILE = NSTableViewDemo/Info.plist;
				LD_RUNPATH_SEARCH_PATHS = "$(inherited) @executable_path/../Frameworks";
				PRODUCT_BUNDLE_IDENTIFIER = FanFrank.NSTableViewDemo;
				PRODUCT_NAME = "$(TARGET_NAME)";
			};
			name = Debug;
		};
		B59BE8301F384B6F00D830E0 /* Release */ = {
			isa = XCBuildConfiguration;
			buildSettings = {
				ASSETCATALOG_COMPILER_APPICON_NAME = AppIcon;
				CODE_SIGN_ENTITLEMENTS = NSTableViewDemo/NSTableViewDemo.entitlements;
				COMBINE_HIDPI_IMAGES = YES;
				DEVELOPMENT_TEAM = 7PLGSDP5AT;
				INFOPLIST_FILE = NSTableViewDemo/Info.plist;
				LD_RUNPATH_SEARCH_PATHS = "$(inherited) @executable_path/../Frameworks";
				PRODUCT_BUNDLE_IDENTIFIER = FanFrank.NSTableViewDemo;
				PRODUCT_NAME = "$(TARGET_NAME)";
			};
			name = Release;
		};
		B59BE8321F384B6F00D830E0 /* Debug */ = {
			isa = XCBuildConfiguration;
			buildSettings = {
				BUNDLE_LOADER = "$(TEST_HOST)";
				COMBINE_HIDPI_IMAGES = YES;
				DEVELOPMENT_TEAM = 7PLGSDP5AT;
				INFOPLIST_FILE = NSTableViewDemoTests/Info.plist;
				LD_RUNPATH_SEARCH_PATHS = "$(inherited) @executable_path/../Frameworks @loader_path/../Frameworks";
				PRODUCT_BUNDLE_IDENTIFIER = FanFrank.NSTableViewDemoTests;
				PRODUCT_NAME = "$(TARGET_NAME)";
				TEST_HOST = "$(BUILT_PRODUCTS_DIR)/NSTableViewDemo.app/Contents/MacOS/NSTableViewDemo";
			};
			name = Debug;
		};
		B59BE8331F384B6F00D830E0 /* Release */ = {
			isa = XCBuildConfiguration;
			buildSettings = {
				BUNDLE_LOADER = "$(TEST_HOST)";
				COMBINE_HIDPI_IMAGES = YES;
				DEVELOPMENT_TEAM = 7PLGSDP5AT;
				INFOPLIST_FILE = NSTableViewDemoTests/Info.plist;
				LD_RUNPATH_SEARCH_PATHS = "$(inherited) @executable_path/../Frameworks @loader_path/../Frameworks";
				PRODUCT_BUNDLE_IDENTIFIER = FanFrank.NSTableViewDemoTests;
				PRODUCT_NAME = "$(TARGET_NAME)";
				TEST_HOST = "$(BUILT_PRODUCTS_DIR)/NSTableViewDemo.app/Contents/MacOS/NSTableViewDemo";
			};
			name = Release;
		};
		B59BE8351F384B6F00D830E0 /* Debug */ = {
			isa = XCBuildConfiguration;
			buildSettings = {
				COMBINE_HIDPI_IMAGES = YES;
				DEVELOPMENT_TEAM = 7PLGSDP5AT;
				INFOPLIST_FILE = NSTableViewDemoUITests/Info.plist;
				LD_RUNPATH_SEARCH_PATHS = "$(inherited) @executable_path/../Frameworks @loader_path/../Frameworks";
				PRODUCT_BUNDLE_IDENTIFIER = FanFrank.NSTableViewDemoUITests;
				PRODUCT_NAME = "$(TARGET_NAME)";
				TEST_TARGET_NAME = NSTableViewDemo;
			};
			name = Debug;
		};
		B59BE8361F384B6F00D830E0 /* Release */ = {
			isa = XCBuildConfiguration;
			buildSettings = {
				COMBINE_HIDPI_IMAGES = YES;
				DEVELOPMENT_TEAM = 7PLGSDP5AT;
				INFOPLIST_FILE = NSTableViewDemoUITests/Info.plist;
				LD_RUNPATH_SEARCH_PATHS = "$(inherited) @executable_path/../Frameworks @loader_path/../Frameworks";
				PRODUCT_BUNDLE_IDENTIFIER = FanFrank.NSTableViewDemoUITests;
				PRODUCT_NAME = "$(TARGET_NAME)";
				TEST_TARGET_NAME = NSTableViewDemo;
			};
			name = Release;
		};
/* End XCBuildConfiguration section */

/* Begin XCConfigurationList section */
		B59BE8021F384B6E00D830E0 /* Build configuration list for PBXProject "NSTableViewDemo" */ = {
			isa = XCConfigurationList;
			buildConfigurations = (
				B59BE82C1F384B6F00D830E0 /* Debug */,
				B59BE82D1F384B6F00D830E0 /* Release */,
			);
			defaultConfigurationIsVisible = 0;
			defaultConfigurationName = Release;
		};
		B59BE82E1F384B6F00D830E0 /* Build configuration list for PBXNativeTarget "NSTableViewDemo" */ = {
			isa = XCConfigurationList;
			buildConfigurations = (
				B59BE82F1F384B6F00D830E0 /* Debug */,
				B59BE8301F384B6F00D830E0 /* Release */,
			);
			defaultConfigurationIsVisible = 0;
			defaultConfigurationName = Release;
		};
		B59BE8311F384B6F00D830E0 /* Build configuration list for PBXNativeTarget "NSTableViewDemoTests" */ = {
			isa = XCConfigurationList;
			buildConfigurations = (
				B59BE8321F384B6F00D830E0 /* Debug */,
				B59BE8331F384B6F00D830E0 /* Release */,
			);
			defaultConfigurationIsVisible = 0;
			defaultConfigurationName = Release;
		};
		B59BE8341F384B6F00D830E0 /* Build configuration list for PBXNativeTarget "NSTableViewDemoUITests" */ = {
			isa = XCConfigurationList;
			buildConfigurations = (
				B59BE8351F384B6F00D830E0 /* Debug */,
				B59BE8361F384B6F00D830E0 /* Release */,
			);
			defaultConfigurationIsVisible = 0;
			defaultConfigurationName = Release;
		};
/* End XCConfigurationList section */
	};
	rootObject = B59BE7FF1F384B6E00D830E0 /* Project object */;
}
